{
  "name": "e2e-dashboard-client",
  "version": "1.0.0",
  "lockfileVersion": 1,
  "requires": true,
  "dependencies": {
    "code-excerpt": {
      "version": "2.1.1",
      "resolved": "http://veve-dev-registry.intern.v.check24.de:4873/code-excerpt/-/code-excerpt-2.1.1.tgz",
      "integrity": "sha512-tJLhH3EpFm/1x7heIW0hemXJTUU5EWl2V0EIX558jp05Mt1U6DVryCgkp3l37cxqs+DNbNgxG43SkwJXpQ14Jw==",
      "requires": {
        "convert-to-spaces": "1.0.2"
      }
    },
    "convert-to-spaces": {
      "version": "1.0.2",
      "resolved": "http://veve-dev-registry.intern.v.check24.de:4873/convert-to-spaces/-/convert-to-spaces-1.0.2.tgz",
      "integrity": "sha1-fj5Iu+bZl7FBfdyihoIEtNPYVxU="
    },
    "minimist": {
      "version": "0.0.8",
      "resolved": "http://veve-dev-registry.intern.v.check24.de:4873/minimist/-/minimist-0.0.8.tgz",
      "integrity": "sha1-hX/Kv8M5fSYluCKCYuhqp6ARsF0="
    },
    "mkdirp": {
      "version": "0.5.1",
      "resolved": "http://veve-dev-registry.intern.v.check24.de:4873/mkdirp/-/mkdirp-0.5.1.tgz",
      "integrity": "sha1-MAV0OOrGz3+MR2fzhkjWaX11yQM=",
      "requires": {
        "minimist": "0.0.8"
      }
    },
    "uuid": {
      "version": "3.2.1",
      "resolved": "http://veve-dev-registry.intern.v.check24.de:4873/uuid/-/uuid-3.2.1.tgz",
      "integrity": "sha512-jZnMwlb9Iku/O3smGWvZhauCf6cvvpKi4BKRiliS3cxnI+Gz9j5MEpTz2UFuXiKPJocb7gnsLHwiS05ige5BEA=="
    }
  }
}
